
Microsoft Visual Studio Solution File, Format Version 12.00
Project("{FAE04EC0-301F-11D3-BF4B-00C04F79EFBC}") = "API", "src\api\API.csproj", "{61F7D57C-1824-424B-AEB4-66A10C717CE4}"
EndProject
Global
	GlobalSection(SolutionConfigurationPlatforms) = preSolution
		Debug|Any CPU = Debug|Any CPU
		Release|Any CPU = Release|Any CPU
	EndGlobalSection
	GlobalSection(ProjectConfigurationPlatforms) = postSolution
		{61F7D57C-1824-424B-AEB4-66A10C717CE4}.Debug|Any CPU.ActiveCfg = Debug|Any CPU
		{61F7D57C-1824-424B-AEB4-66A10C717CE4}.Debug|Any CPU.Build.0 = Debug|Any CPU
		{61F7D57C-1824-424B-AEB4-66A10C717CE4}.Release|Any CPU.ActiveCfg = Release|Any CPU
		{61F7D57C-1824-424B-AEB4-66A10C717CE4}.Release|Any CPU.Build.0 = Release|Any CPU
	EndGlobalSection
EndGlobal
